
Microsoft Visual Studio Solution File, Format Version 12.00
# Visual Studio 15
VisualStudioVersion = 15.0.28307.1738
MinimumVisualStudioVersion = 10.0.40219.1
Project("{8BC9CEB8-8B4A-11D0-8D11-00A0C91BC942}") = "Project_2_DelPerfileva_7", "Project_2_DelPerfileva_7\Project_2_DelPerfileva_7.vcxproj", "{26CA8112-F527-40B7-B02F-FE278EC546DD}"
EndProject
Global
	GlobalSection(SolutionConfigurationPlatforms) = preSolution
		Debug|x64 = Debug|x64
		Debug|x86 = Debug|x86
		Release|x64 = Release|x64
		Release|x86 = Release|x86
	EndGlobalSection
	GlobalSection(ProjectConfigurationPlatforms) = postSolution
		{26CA8112-F527-40B7-B02F-FE278EC546DD}.Debug|x64.ActiveCfg = Debug|x64
		{26CA8112-F527-40B7-B02F-FE278EC546DD}.Debug|x64.Build.0 = Debug|x64
		{26CA8112-F527-40B7-B02F-FE278EC546DD}.Debug|x86.ActiveCfg = Debug|Win32
		{26CA8112-F527-40B7-B02F-FE278EC546DD}.Debug|x86.Build.0 = Debug|Win32
		{26CA8112-F527-40B7-B02F-FE278EC546DD}.Release|x64.ActiveCfg = Release|x64
		{26CA8112-F527-40B7-B02F-FE278EC546DD}.Release|x64.Build.0 = Release|x64
		{26CA8112-F527-40B7-B02F-FE278EC546DD}.Release|x86.ActiveCfg = Release|Win32
		{26CA8112-F527-40B7-B02F-FE278EC546DD}.Release|x86.Build.0 = Release|Win32
	EndGlobalSection
	GlobalSection(SolutionProperties) = preSolution
		HideSolutionNode = FALSE
	EndGlobalSection
	GlobalSection(ExtensibilityGlobals) = postSolution
		SolutionGuid = {D4C4E774-EF44-4771-983A-AC4F84740541}
	EndGlobalSection
EndGlobal
